// !$*UTF8*$!
{
	archiveVersion = 1;
	classes = {
	};
	objectVersion = 50;
	objects = {

/* Begin PBXBuildFile section */
		BF26267F25EECB3F00C0C1BB /* AppDelegate.swift in Sources */ = {isa = PBXBuildFile; fileRef = BF26267E25EECB3F00C0C1BB /* AppDelegate.swift */; };
		BF26268125EECB3F00C0C1BB /* ViewController.swift in Sources */ = {isa = PBXBuildFile; fileRef = BF26268025EECB3F00C0C1BB /* ViewController.swift */; };
		BF26268425EECB3F00C0C1BB /* Main.storyboard in Resources */ = {isa = PBXBuildFile; fileRef = BF26268225EECB3F00C0C1BB /* Main.storyboard */; };
		BF26268625EECB4100C0C1BB /* Assets.xcassets in Resources */ = {isa = PBXBuildFile; fileRef = BF26268525EECB4100C0C1BB /* Assets.xcassets */; };
		BF26268925EECB4100C0C1BB /* LaunchScreen.storyboard in Resources */ = {isa = PBXBuildFile; fileRef = BF26268725EECB4100C0C1BB /* LaunchScreen.storyboard */; };
		BF26269425EECB4100C0C1BB /* HackwichSixTests.swift in Sources */ = {isa = PBXBuildFile; fileRef = BF26269325EECB4100C0C1BB /* HackwichSixTests.swift */; };
		BF26269F25EECB4100C0C1BB /* HackwichSixUITests.swift in Sources */ = {isa = PBXBuildFile; fileRef = BF26269E25EECB4100C0C1BB /* HackwichSixUITests.swift */; };
/* End PBXBuildFile section */

/* Begin PBXContainerItemProxy section */
		BF26269025EECB4100C0C1BB /* PBXContainerItemProxy */ = {
			isa = PBXContainerItemProxy;
			containerPortal = BF26267325EECB3F00C0C1BB /* Project object */;
			proxyType = 1;
			remoteGlobalIDString = BF26267A25EECB3F00C0C1BB;
			remoteInfo = HackwichSix;
		};
		BF26269B25EECB4100C0C1BB /* PBXContainerItemProxy */ = {
			isa = PBXContainerItemProxy;
			containerPortal = BF26267325EECB3F00C0C1BB /* Project object */;
			proxyType = 1;
			remoteGlobalIDString = BF26267A25EECB3F00C0C1BB;
			remoteInfo = HackwichSix;
		};
/* End PBXContainerItemProxy section */

/* Begin PBXFileReference section */
		BF26267B25EECB3F00C0C1BB /* HackwichSix.app */ = {isa = PBXFileReference; explicitFileType = wrapper.application; includeInIndex = 0; path = HackwichSix.app; sourceTree = BUILT_PRODUCTS_DIR; };
		BF26267E25EECB3F00C0C1BB /* AppDelegate.swift */ = {isa = PBXFileReference; lastKnownFileType = sourcecode.swift; path = AppDelegate.swift; sourceTree = "<group>"; };
		BF26268025EECB3F00C0C1BB /* ViewController.swift */ = {isa = PBXFileReference; lastKnownFileType = sourcecode.swift; path = ViewController.swift; sourceTree = "<group>"; };
		BF26268325EECB3F00C0C1BB /* Base */ = {isa = PBXFileReference; lastKnownFileType = file.storyboard; name = Base; path = Base.lproj/Main.storyboard; sourceTree = "<group>"; };
		BF26268525EECB4100C0C1BB /* Assets.xcassets */ = {isa = PBXFileReference; lastKnownFileType = folder.assetcatalog; path = Assets.xcassets; sourceTree = "<group>"; };
		BF26268825EECB4100C0C1BB /* Base */ = {isa = PBXFileReference; lastKnownFileType = file.storyboard; name = Base; path = Base.lproj/LaunchScreen.storyboard; sourceTree = "<group>"; };
		BF26268A25EECB4100C0C1BB /* Info.plist */ = {isa = PBXFileReference; lastKnownFileType = text.plist.xml; path = Info.plist; sourceTree = "<group>"; };
		BF26268F25EECB4100C0C1BB /* HackwichSixTests.xctest */ = {isa = PBXFileReference; explicitFileType = wrapper.cfbundle; includeInIndex = 0; path = HackwichSixTests.xctest; sourceTree = BUILT_PRODUCTS_DIR; };
		BF26269325EECB4100C0C1BB /* HackwichSixTests.swift */ = {isa = PBXFileReference; lastKnownFileType = sourcecode.swift; path = HackwichSixTests.swift; sourceTree = "<group>"; };
		BF26269525EECB4100C0C1BB /* Info.plist */ = {isa = PBXFileReference; lastKnownFileType = text.plist.xml; path = Info.plist; sourceTree = "<group>"; };
		BF26269A25EECB4100C0C1BB /* HackwichSixUITests.xctest */ = {isa = PBXFileReference; explicitFileType = wrapper.cfbundle; includeInIndex = 0; path = HackwichSixUITests.xctest; sourceTree = BUILT_PRODUCTS_DIR; };
		BF26269E25EECB4100C0C1BB /* HackwichSixUITests.swift */ = {isa = PBXFileReference; lastKnownFileType = sourcecode.swift; path = HackwichSixUITests.swift; sourceTree = "<group>"; };
		BF2626A025EECB4100C0C1BB /* Info.plist */ = {isa = PBXFileReference; lastKnownFileType = text.plist.xml; path = Info.plist; sourceTree = "<group>"; };
/* End PBXFileReference section */

/* Begin PBXFrameworksBuildPhase section */
		BF26267825EECB3F00C0C1BB /* Frameworks */ = {
			isa = PBXFrameworksBuildPhase;
			buildActionMask = 2147483647;
			files = (
			);
			runOnlyForDeploymentPostprocessing = 0;
		};
		BF26268C25EECB4100C0C1BB /* Frameworks */ = {
			isa = PBXFrameworksBuildPhase;
			buildActionMask = 2147483647;
			files = (
			);
			runOnlyForDeploymentPostprocessing = 0;
		};
		BF26269725EECB4100C0C1BB /* Frameworks */ = {
			isa = PBXFrameworksBuildPhase;
			buildActionMask = 2147483647;
			files = (
			);
			runOnlyForDeploymentPostprocessing = 0;
		};
/* End PBXFrameworksBuildPhase section */

/* Begin PBXGroup section */
		BF26267225EECB3F00C0C1BB = {
			isa = PBXGroup;
			children = (
				BF26267D25EECB3F00C0C1BB /* HackwichSix */,
				BF26269225EECB4100C0C1BB /* HackwichSixTests */,
				BF26269D25EECB4100C0C1BB /* HackwichSixUITests */,
				BF26267C25EECB3F00C0C1BB /* Products */,
			);
			sourceTree = "<group>";
		};
		BF26267C25EECB3F00C0C1BB /* Products */ = {
			isa = PBXGroup;
			children = (
				BF26267B25EECB3F00C0C1BB /* HackwichSix.app */,
				BF26268F25EECB4100C0C1BB /* HackwichSixTests.xctest */,
				BF26269A25EECB4100C0C1BB /* HackwichSixUITests.xctest */,
			);
			name = Products;
			sourceTree = "<group>";
		};
		BF26267D25EECB3F00C0C1BB /* HackwichSix */ = {
			isa = PBXGroup;
			children = (
				BF26267E25EECB3F00C0C1BB /* AppDelegate.swift */,
				BF26268025EECB3F00C0C1BB /* ViewController.swift */,
				BF26268225EECB3F00C0C1BB /* Main.storyboard */,
				BF26268525EECB4100C0C1BB /* Assets.xcassets */,
				BF26268725EECB4100C0C1BB /* LaunchScreen.storyboard */,
				BF26268A25EECB4100C0C1BB /* Info.plist */,
			);
			path = HackwichSix;
			sourceTree = "<group>";
		};
		BF26269225EECB4100C0C1BB /* HackwichSixTests */ = {
			isa = PBXGroup;
			children = (
				BF26269325EECB4100C0C1BB /* HackwichSixTests.swift */,
				BF26269525EECB4100C0C1BB /* Info.plist */,
			);
			path = HackwichSixTests;
			sourceTree = "<group>";
		};
		BF26269D25EECB4100C0C1BB /* HackwichSixUITests */ = {
			isa = PBXGroup;
			children = (
				BF26269E25EECB4100C0C1BB /* HackwichSixUITests.swift */,
				BF2626A025EECB4100C0C1BB /* Info.plist */,
			);
			path = HackwichSixUITests;
			sourceTree = "<group>";
		};
/* End PBXGroup section */

/* Begin PBXNativeTarget section */
		BF26267A25EECB3F00C0C1BB /* HackwichSix */ = {
			isa = PBXNativeTarget;
			buildConfigurationList = BF2626A325EECB4100C0C1BB /* Build configuration list for PBXNativeTarget "HackwichSix" */;
			buildPhases = (
				BF26267725EECB3F00C0C1BB /* Sources */,
				BF26267825EECB3F00C0C1BB /* Frameworks */,
				BF26267925EECB3F00C0C1BB /* Resources */,
			);
			buildRules = (
			);
			dependencies = (
			);
			name = HackwichSix;
			productName = HackwichSix;
			productReference = BF26267B25EECB3F00C0C1BB /* HackwichSix.app */;
			productType = "com.apple.product-type.application";
		};
		BF26268E25EECB4100C0C1BB /* HackwichSixTests */ = {
			isa = PBXNativeTarget;
			buildConfigurationList = BF2626A625EECB4100C0C1BB /* Build configuration list for PBXNativeTarget "HackwichSixTests" */;
			buildPhases = (
				BF26268B25EECB4100C0C1BB /* Sources */,
				BF26268C25EECB4100C0C1BB /* Frameworks */,
				BF26268D25EECB4100C0C1BB /* Resources */,
			);
			buildRules = (
			);
			dependencies = (
				BF26269125EECB4100C0C1BB /* PBXTargetDependency */,
			);
			name = HackwichSixTests;
			productName = HackwichSixTests;
			productReference = BF26268F25EECB4100C0C1BB /* HackwichSixTests.xctest */;
			productType = "com.apple.product-type.bundle.unit-test";
		};
		BF26269925EECB4100C0C1BB /* HackwichSixUITests */ = {
			isa = PBXNativeTarget;
			buildConfigurationList = BF2626A925EECB4100C0C1BB /* Build configuration list for PBXNativeTarget "HackwichSixUITests" */;
			buildPhases = (
				BF26269625EECB4100C0C1BB /* Sources */,
				BF26269725EECB4100C0C1BB /* Frameworks */,
				BF26269825EECB4100C0C1BB /* Resources */,
			);
			buildRules = (
			);
			dependencies = (
				BF26269C25EECB4100C0C1BB /* PBXTargetDependency */,
			);
			name = HackwichSixUITests;
			productName = HackwichSixUITests;
			productReference = BF26269A25EECB4100C0C1BB /* HackwichSixUITests.xctest */;
			productType = "com.apple.product-type.bundle.ui-testing";
		};
/* End PBXNativeTarget section */

/* Begin PBXProject section */
		BF26267325EECB3F00C0C1BB /* Project object */ = {
			isa = PBXProject;
			attributes = {
				LastSwiftUpdateCheck = 1010;
				LastUpgradeCheck = 1010;
				ORGANIZATIONNAME = "Randy Bermudez";
				TargetAttributes = {
					BF26267A25EECB3F00C0C1BB = {
						CreatedOnToolsVersion = 10.1;
					};
					BF26268E25EECB4100C0C1BB = {
						CreatedOnToolsVersion = 10.1;
						TestTargetID = BF26267A25EECB3F00C0C1BB;
					};
					BF26269925EECB4100C0C1BB = {
						CreatedOnToolsVersion = 10.1;
						TestTargetID = BF26267A25EECB3F00C0C1BB;
					};
				};
			};
			buildConfigurationList = BF26267625EECB3F00C0C1BB /* Build configuration list for PBXProject "HackwichSix" */;
			compatibilityVersion = "Xcode 9.3";
			developmentRegion = en;
			hasScannedForEncodings = 0;
			knownRegions = (
				en,
				Base,
			);
			mainGroup = BF26267225EECB3F00C0C1BB;
			productRefGroup = BF26267C25EECB3F00C0C1BB /* Products */;
			projectDirPath = "";
			projectRoot = "";
			targets = (
				BF26267A25EECB3F00C0C1BB /* HackwichSix */,
				BF26268E25EECB4100C0C1BB /* HackwichSixTests */,
				BF26269925EECB4100C0C1BB /* HackwichSixUITests */,
			);
		};
/* End PBXProject section */

/* Begin PBXResourcesBuildPhase section */
		BF26267925EECB3F00C0C1BB /* Resources */ = {
			isa = PBXResourcesBuildPhase;
			buildActionMask = 2147483647;
			files = (
				BF26268925EECB4100C0C1BB /* LaunchScreen.storyboard in Resources */,
				BF26268625EECB4100C0C1BB /* Assets.xcassets in Resources */,
				BF26268425EECB3F00C0C1BB /* Main.storyboard in Resources */,
			);
			runOnlyForDeploymentPostprocessing = 0;
		};
		BF26268D25EECB4100C0C1BB /* Resources */ = {
			isa = PBXResourcesBuildPhase;
			buildActionMask = 2147483647;
			files = (
			);
			runOnlyForDeploymentPostprocessing = 0;
		};
		BF26269825EECB4100C0C1BB /* Resources */ = {
			isa = PBXResourcesBuildPhase;
			buildActionMask = 2147483647;
			files = (
			);
			runOnlyForDeploymentPostprocessing = 0;
		};
/* End PBXResourcesBuildPhase section */

/* Begin PBXSourcesBuildPhase section */
		BF26267725EECB3F00C0C1BB /* Sources */ = {
			isa = PBXSourcesBuildPhase;
			buildActionMask = 2147483647;
			files = (
				BF26268125EECB3F00C0C1BB /* ViewController.swift in Sources */,
				BF26267F25EECB3F00C0C1BB /* AppDelegate.swift in Sources */,
			);
			runOnlyForDeploymentPostprocessing = 0;
		};
		BF26268B25EECB4100C0C1BB /* Sources */ = {
			isa = PBXSourcesBuildPhase;
			buildActionMask = 2147483647;
			files = (
				BF26269425EECB4100C0C1BB /* HackwichSixTests.swift in Sources */,
			);
			runOnlyForDeploymentPostprocessing = 0;
		};
		BF26269625EECB4100C0C1BB /* Sources */ = {
			isa = PBXSourcesBuildPhase;
			buildActionMask = 2147483647;
			files = (
				BF26269F25EECB4100C0C1BB /* HackwichSixUITests.swift in Sources */,
			);
			runOnlyForDeploymentPostprocessing = 0;
		};
/* End PBXSourcesBuildPhase section */

/* Begin PBXTargetDependency section */
		BF26269125EECB4100C0C1BB /* PBXTargetDependency */ = {
			isa = PBXTargetDependency;
			target = BF26267A25EECB3F00C0C1BB /* HackwichSix */;
			targetProxy = BF26269025EECB4100C0C1BB /* PBXContainerItemProxy */;
		};
		BF26269C25EECB4100C0C1BB /* PBXTargetDependency */ = {
			isa = PBXTargetDependency;
			target = BF26267A25EECB3F00C0C1BB /* HackwichSix */;
			targetProxy = BF26269B25EECB4100C0C1BB /* PBXContainerItemProxy */;
		};
/* End PBXTargetDependency section */

/* Begin PBXVariantGroup section */
		BF26268225EECB3F00C0C1BB /* Main.storyboard */ = {
			isa = PBXVariantGroup;
			children = (
				BF26268325EECB3F00C0C1BB /* Base */,
			);
			name = Main.storyboard;
			sourceTree = "<group>";
		};
		BF26268725EECB4100C0C1BB /* LaunchScreen.storyboard */ = {
			isa = PBXVariantGroup;
			children = (
				BF26268825EECB4100C0C1BB /* Base */,
			);
			name = LaunchScreen.storyboard;
			sourceTree = "<group>";
		};
/* End PBXVariantGroup section */

/* Begin XCBuildConfiguration section */
		BF2626A125EECB4100C0C1BB /* Debug */ = {
			isa = XCBuildConfiguration;
			buildSettings = {
				ALWAYS_SEARCH_USER_PATHS = NO;
				CLANG_ANALYZER_NONNULL = YES;
				CLANG_ANALYZER_NUMBER_OBJECT_CONVERSION = YES_AGGRESSIVE;
				CLANG_CXX_LANGUAGE_STANDARD = "gnu++14";
				CLANG_CXX_LIBRARY = "libc++";
				CLANG_ENABLE_MODULES = YES;
				CLANG_ENABLE_OBJC_ARC = YES;
				CLANG_ENABLE_OBJC_WEAK = YES;
				CLANG_WARN_BLOCK_CAPTURE_AUTORELEASING = YES;
				CLANG_WARN_BOOL_CONVERSION = YES;
				CLANG_WARN_COMMA = YES;
				CLANG_WARN_CONSTANT_CONVERSION = YES;
				CLANG_WARN_DEPRECATED_OBJC_IMPLEMENTATIONS = YES;
				CLANG_WARN_DIRECT_OBJC_ISA_USAGE = YES_ERROR;
				CLANG_WARN_DOCUMENTATION_COMMENTS = YES;
				CLANG_WARN_EMPTY_BODY = YES;
				CLANG_WARN_ENUM_CONVERSION = YES;
				CLANG_WARN_INFINITE_RECURSION = YES;
				CLANG_WARN_INT_CONVERSION = YES;
				CLANG_WARN_NON_LITERAL_NULL_CONVERSION = YES;
				CLANG_WARN_OBJC_IMPLICIT_RETAIN_SELF = YES;
				CLANG_WARN_OBJC_LITERAL_CONVERSION = YES;
				CLANG_WARN_OBJC_ROOT_CLASS = YES_ERROR;
				CLANG_WARN_RANGE_LOOP_ANALYSIS = YES;
				CLANG_WARN_STRICT_PROTOTYPES = YES;
				CLANG_WARN_SUSPICIOUS_MOVE = YES;
				CLANG_WARN_UNGUARDED_AVAILABILITY = YES_AGGRESSIVE;
				CLANG_WARN_UNREACHABLE_CODE = YES;
				CLANG_WARN__DUPLICATE_METHOD_MATCH = YES;
				CODE_SIGN_IDENTITY = "iPhone Developer";
				COPY_PHASE_STRIP = NO;
				DEBUG_INFORMATION_FORMAT = dwarf;
				ENABLE_STRICT_OBJC_MSGSEND = YES;
				ENABLE_TESTABILITY = YES;
				GCC_C_LANGUAGE_STANDARD = gnu11;
				GCC_DYNAMIC_NO_PIC = NO;
				GCC_NO_COMMON_BLOCKS = YES;
				GCC_OPTIMIZATION_LEVEL = 0;
				GCC_PREPROCESSOR_DEFINITIONS = (
					"DEBUG=1",
					"$(inherited)",
				);
				GCC_WARN_64_TO_32_BIT_CONVERSION = YES;
				GCC_WARN_ABOUT_RETURN_TYPE = YES_ERROR;
				GCC_WARN_UNDECLARED_SELECTOR = YES;
				GCC_WARN_UNINITIALIZED_AUTOS = YES_AGGRESSIVE;
				GCC_WARN_UNUSED_FUNCTION = YES;
				GCC_WARN_UNUSED_VARIABLE = YES;
				IPHONEOS_DEPLOYMENT_TARGET = 12.1;
				MTL_ENABLE_DEBUG_INFO = INCLUDE_SOURCE;
				MTL_FAST_MATH = YES;
				ONLY_ACTIVE_ARCH = YES;
				SDKROOT = iphoneos;
				SWIFT_ACTIVE_COMPILATION_CONDITIONS = DEBUG;
				SWIFT_OPTIMIZATION_LEVEL = "-Onone";
			};
			name = Debug;
		};
		BF2626A225EECB4100C0C1BB /* Release */ = {
			isa = XCBuildConfiguration;
			buildSettings = {
				ALWAYS_SEARCH_USER_PATHS = NO;
				CLANG_ANALYZER_NONNULL = YES;
				CLANG_ANALYZER_NUMBER_OBJECT_CONVERSION = YES_AGGRESSIVE;
				CLANG_CXX_LANGUAGE_STANDARD = "gnu++14";
				CLANG_CXX_LIBRARY = "libc++";
				CLANG_ENABLE_MODULES = YES;
				CLANG_ENABLE_OBJC_ARC = YES;
				CLANG_ENABLE_OBJC_WEAK = YES;
				CLANG_WARN_BLOCK_CAPTURE_AUTORELEASING = YES;
				CLANG_WARN_BOOL_CONVERSION = YES;
				CLANG_WARN_COMMA = YES;
				CLANG_WARN_CONSTANT_CONVERSION = YES;
				CLANG_WARN_DEPRECATED_OBJC_IMPLEMENTATIONS = YES;
				CLANG_WARN_DIRECT_OBJC_ISA_USAGE = YES_ERROR;
				CLANG_WARN_DOCUMENTATION_COMMENTS = YES;
				CLANG_WARN_EMPTY_BODY = YES;
				CLANG_WARN_ENUM_CONVERSION = YES;
				CLANG_WARN_INFINITE_RECURSION = YES;
				CLANG_WARN_INT_CONVERSION = YES;
				CLANG_WARN_NON_LITERAL_NULL_CONVERSION = YES;
				CLANG_WARN_OBJC_IMPLICIT_RETAIN_SELF = YES;
				CLANG_WARN_OBJC_LITERAL_CONVERSION = YES;
				CLANG_WARN_OBJC_ROOT_CLASS = YES_ERROR;
				CLANG_WARN_RANGE_LOOP_ANALYSIS = YES;
				CLANG_WARN_STRICT_PROTOTYPES = YES;
				CLANG_WARN_SUSPICIOUS_MOVE = YES;
				CLANG_WARN_UNGUARDED_AVAILABILITY = YES_AGGRESSIVE;
				CLANG_WARN_UNREACHABLE_CODE = YES;
				CLANG_WARN__DUPLICATE_METHOD_MATCH = YES;
				CODE_SIGN_IDENTITY = "iPhone Developer";
				COPY_PHASE_STRIP = NO;
				DEBUG_INFORMATION_FORMAT = "dwarf-with-dsym";
				ENABLE_NS_ASSERTIONS = NO;
				ENABLE_STRICT_OBJC_MSGSEND = YES;
				GCC_C_LANGUAGE_STANDARD = gnu11;
				GCC_NO_COMMON_BLOCKS = YES;
				GCC_WARN_64_TO_32_BIT_CONVERSION = YES;
				GCC_WARN_ABOUT_RETURN_TYPE = YES_ERROR;
				GCC_WARN_UNDECLARED_SELECTOR = YES;
				GCC_WARN_UNINITIALIZED_AUTOS = YES_AGGRESSIVE;
				GCC_WARN_UNUSED_FUNCTION = YES;
				GCC_WARN_UNUSED_VARIABLE = YES;
				IPHONEOS_DEPLOYMENT_TARGET = 12.1;
				MTL_ENABLE_DEBUG_INFO = NO;
				MTL_FAST_MATH = YES;
				SDKROOT = iphoneos;
				SWIFT_COMPILATION_MODE = wholemodule;
				SWIFT_OPTIMIZATION_LEVEL = "-O";
				VALIDATE_PRODUCT = YES;
			};
			name = Release;
		};
		BF2626A425EECB4100C0C1BB /* Debug */ = {
			isa = XCBuildConfiguration;
			buildSettings = {
				ASSETCATALOG_COMPILER_APPICON_NAME = AppIcon;
				CODE_SIGN_STYLE = Automatic;
				INFOPLIST_FILE = HackwichSix/Info.plist;
				LD_RUNPATH_SEARCH_PATHS = (
					"$(inherited)",
					"@executable_path/Frameworks",
				);
				PRODUCT_BUNDLE_IDENTIFIER = uhwo.HackwichSix;
				PRODUCT_NAME = "$(TARGET_NAME)";
				SWIFT_VERSION = 4.2;
				TARGETED_DEVICE_FAMILY = "1,2";
			};
			name = Debug;
		};
		BF2626A525EECB4100C0C1BB /* Release */ = {
			isa = XCBuildConfiguration;
			buildSettings = {
				ASSETCATALOG_COMPILER_APPICON_NAME = AppIcon;
				CODE_SIGN_STYLE = Automatic;
				INFOPLIST_FILE = HackwichSix/Info.plist;
				LD_RUNPATH_SEARCH_PATHS = (
					"$(inherited)",
					"@executable_path/Frameworks",
				);
				PRODUCT_BUNDLE_IDENTIFIER = uhwo.HackwichSix;
				PRODUCT_NAME = "$(TARGET_NAME)";
				SWIFT_VERSION = 4.2;
				TARGETED_DEVICE_FAMILY = "1,2";
			};
			name = Release;
		};
		BF2626A725EECB4100C0C1BB /* Debug */ = {
			isa = XCBuildConfiguration;
			buildSettings = {
				ALWAYS_EMBED_SWIFT_STANDARD_LIBRARIES = YES;
				BUNDLE_LOADER = "$(TEST_HOST)";
				CODE_SIGN_STYLE = Automatic;
				INFOPLIST_FILE = HackwichSixTests/Info.plist;
				LD_RUNPATH_SEARCH_PATHS = (
					"$(inherited)",
					"@executable_path/Frameworks",
					"@loader_path/Frameworks",
				);
				PRODUCT_BUNDLE_IDENTIFIER = uhwo.HackwichSixTests;
				PRODUCT_NAME = "$(TARGET_NAME)";
				SWIFT_VERSION = 4.2;
				TARGETED_DEVICE_FAMILY = "1,2";
				TEST_HOST = "$(BUILT_PRODUCTS_DIR)/HackwichSix.app/HackwichSix";
			};
			name = Debug;
		};
		BF2626A825EECB4100C0C1BB /* Release */ = {
			isa = XCBuildConfiguration;
			buildSettings = {
				ALWAYS_EMBED_SWIFT_STANDARD_LIBRARIES = YES;
				BUNDLE_LOADER = "$(TEST_HOST)";
				CODE_SIGN_STYLE = Automatic;
				INFOPLIST_FILE = HackwichSixTests/Info.plist;
				LD_RUNPATH_SEARCH_PATHS = (
					"$(inherited)",
					"@executable_path/Frameworks",
					"@loader_path/Frameworks",
				);
				PRODUCT_BUNDLE_IDENTIFIER = uhwo.HackwichSixTests;
				PRODUCT_NAME = "$(TARGET_NAME)";
				SWIFT_VERSION = 4.2;
				TARGETED_DEVICE_FAMILY = "1,2";
				TEST_HOST = "$(BUILT_PRODUCTS_DIR)/HackwichSix.app/HackwichSix";
			};
			name = Release;
		};
		BF2626AA25EECB4100C0C1BB /* Debug */ = {
			isa = XCBuildConfiguration;
			buildSettings = {
				ALWAYS_EMBED_SWIFT_STANDARD_LIBRARIES = YES;
				CODE_SIGN_STYLE = Automatic;
				INFOPLIST_FILE = HackwichSixUITests/Info.plist;
				LD_RUNPATH_SEARCH_PATHS = (
					"$(inherited)",
					"@executable_path/Frameworks",
					"@loader_path/Frameworks",
				);
				PRODUCT_BUNDLE_IDENTIFIER = uhwo.HackwichSixUITests;
				PRODUCT_NAME = "$(TARGET_NAME)";
				SWIFT_VERSION = 4.2;
				TARGETED_DEVICE_FAMILY = "1,2";
				TEST_TARGET_NAME = HackwichSix;
			};
			name = Debug;
		};
		BF2626AB25EECB4100C0C1BB /* Release */ = {
			isa = XCBuildConfiguration;
			buildSettings = {
				ALWAYS_EMBED_SWIFT_STANDARD_LIBRARIES = YES;
				CODE_SIGN_STYLE = Automatic;
				INFOPLIST_FILE = HackwichSixUITests/Info.plist;
				LD_RUNPATH_SEARCH_PATHS = (
					"$(inherited)",
					"@executable_path/Frameworks",
					"@loader_path/Frameworks",
				);
				PRODUCT_BUNDLE_IDENTIFIER = uhwo.HackwichSixUITests;
				PRODUCT_NAME = "$(TARGET_NAME)";
				SWIFT_VERSION = 4.2;
				TARGETED_DEVICE_FAMILY = "1,2";
				TEST_TARGET_NAME = HackwichSix;
			};
			name = Release;
		};
/* End XCBuildConfiguration section */

/* Begin XCConfigurationList section */
		BF26267625EECB3F00C0C1BB /* Build configuration list for PBXProject "HackwichSix" */ = {
			isa = XCConfigurationList;
			buildConfigurations = (
				BF2626A125EECB4100C0C1BB /* Debug */,
				BF2626A225EECB4100C0C1BB /* Release */,
			);
			defaultConfigurationIsVisible = 0;
			defaultConfigurationName = Release;
		};
		BF2626A325EECB4100C0C1BB /* Build configuration list for PBXNativeTarget "HackwichSix" */ = {
			isa = XCConfigurationList;
			buildConfigurations = (
				BF2626A425EECB4100C0C1BB /* Debug */,
				BF2626A525EECB4100C0C1BB /* Release */,
			);
			defaultConfigurationIsVisible = 0;
			defaultConfigurationName = Release;
		};
		BF2626A625EECB4100C0C1BB /* Build configuration list for PBXNativeTarget "HackwichSixTests" */ = {
			isa = XCConfigurationList;
			buildConfigurations = (
				BF2626A725EECB4100C0C1BB /* Debug */,
				BF2626A825EECB4100C0C1BB /* Release */,
			);
			defaultConfigurationIsVisible = 0;
			defaultConfigurationName = Release;
		};
		BF2626A925EECB4100C0C1BB /* Build configuration list for PBXNativeTarget "HackwichSixUITests" */ = {
			isa = XCConfigurationList;
			buildConfigurations = (
				BF2626AA25EECB4100C0C1BB /* Debug */,
				BF2626AB25EECB4100C0C1BB /* Release */,
			);
			defaultConfigurationIsVisible = 0;
			defaultConfigurationName = Release;
		};
/* End XCConfigurationList section */
	};
	rootObject = BF26267325EECB3F00C0C1BB /* Project object */;
}
